
Microsoft Visual Studio Solution File, Format Version 12.00
# Visual Studio Version 17
VisualStudioVersion = 17.3.32811.315
MinimumVisualStudioVersion = 10.0.40219.1
Project("{FAE04EC0-301F-11D3-BF4B-00C04F79EFBC}") = "Lab6.4_HLP", "Lab6.4_HLP.csproj", "{D9C5CD25-0816-441B-B813-2D80CC3A5538}"
EndProject
Global
	GlobalSection(SolutionConfigurationPlatforms) = preSolution
		Debug|Any CPU = Debug|Any CPU
		Release|Any CPU = Release|Any CPU
	EndGlobalSection
	GlobalSection(ProjectConfigurationPlatforms) = postSolution
		{D9C5CD25-0816-441B-B813-2D80CC3A5538}.Debug|Any CPU.ActiveCfg = Debug|Any CPU
		{D9C5CD25-0816-441B-B813-2D80CC3A5538}.Debug|Any CPU.Build.0 = Debug|Any CPU
		{D9C5CD25-0816-441B-B813-2D80CC3A5538}.Release|Any CPU.ActiveCfg = Release|Any CPU
		{D9C5CD25-0816-441B-B813-2D80CC3A5538}.Release|Any CPU.Build.0 = Release|Any CPU
	EndGlobalSection
	GlobalSection(SolutionProperties) = preSolution
		HideSolutionNode = FALSE
	EndGlobalSection
	GlobalSection(ExtensibilityGlobals) = postSolution
		SolutionGuid = {DA0FE774-D529-43C9-BF6B-C29A27923483}
	EndGlobalSection
EndGlobal
