
Microsoft Visual Studio Solution File, Format Version 12.00
# Visual Studio Version 17
VisualStudioVersion = 17.3.32811.315
MinimumVisualStudioVersion = 10.0.40219.1
Project("{FAE04EC0-301F-11D3-BF4B-00C04F79EFBC}") = "Lab6.3_HLP", "Lab6.3_HLP.csproj", "{F4DD85E3-D480-4311-A2F5-4302AC1F2323}"
EndProject
Global
	GlobalSection(SolutionConfigurationPlatforms) = preSolution
		Debug|Any CPU = Debug|Any CPU
		Release|Any CPU = Release|Any CPU
	EndGlobalSection
	GlobalSection(ProjectConfigurationPlatforms) = postSolution
		{F4DD85E3-D480-4311-A2F5-4302AC1F2323}.Debug|Any CPU.ActiveCfg = Debug|Any CPU
		{F4DD85E3-D480-4311-A2F5-4302AC1F2323}.Debug|Any CPU.Build.0 = Debug|Any CPU
		{F4DD85E3-D480-4311-A2F5-4302AC1F2323}.Release|Any CPU.ActiveCfg = Release|Any CPU
		{F4DD85E3-D480-4311-A2F5-4302AC1F2323}.Release|Any CPU.Build.0 = Release|Any CPU
	EndGlobalSection
	GlobalSection(SolutionProperties) = preSolution
		HideSolutionNode = FALSE
	EndGlobalSection
	GlobalSection(ExtensibilityGlobals) = postSolution
		SolutionGuid = {69074DBA-D63A-4626-8E5F-7A15227A6326}
	EndGlobalSection
EndGlobal
